{
  "version": 4,
  "terraform_version": "0.12.10",
  "serial": 332,
  "lineage": "488959c4-4c94-5935-71ed-7de83420734a",
  "outputs": {},
  "resources": [
    {
      "mode": "managed",
      "type": "azurerm_network_interface",
      "name": "jenkins",
      "provider": "provider.azurerm",
      "instances": [
        {
          "schema_version": 0,
          "attributes": {
            "applied_dns_servers": [],
            "dns_servers": [],
            "enable_accelerated_networking": false,
            "enable_ip_forwarding": false,
            "id": "/subscriptions/02e89954-614d-432d-9abc-71f710cd428e/resourceGroups/default/providers/Microsoft.Network/networkInterfaces/default-jenkins-nic",
            "internal_dns_name_label": "",
            "internal_fqdn": "",
            "ip_configuration": [
              {
                "application_gateway_backend_address_pools_ids": [],
                "application_security_group_ids": [],
                "load_balancer_backend_address_pools_ids": [],
                "load_balancer_inbound_nat_rules_ids": [],
                "name": "default-jenkins-ip-config",
                "primary": true,
                "private_ip_address": "",
                "private_ip_address_allocation": "dynamic",
                "private_ip_address_version": "IPv4",
                "public_ip_address_id": "/subscriptions/02e89954-614d-432d-9abc-71f710cd428e/resourceGroups/default/providers/Microsoft.Network/publicIPAddresses/default-jenkins-pip",
                "subnet_id": "/subscriptions/02e89954-614d-432d-9abc-71f710cd428e/resourceGroups/default/providers/Microsoft.Network/virtualNetworks/default-network/subnets/internal"
              }
            ],
            "location": "uksouth",
            "mac_address": "",
            "name": "default-jenkins-nic",
            "network_security_group_id": "/subscriptions/02e89954-614d-432d-9abc-71f710cd428e/resourceGroups/default/providers/Microsoft.Network/networkSecurityGroups/default-jenkins-nsg",
            "private_ip_address": "10.0.2.4",
            "private_ip_addresses": [
              "10.0.2.4"
            ],
            "resource_group_name": "default",
            "tags": {},
            "virtual_machine_id": null
          },
          "private": "bnVsbA==",
          "depends_on": [
            "azurerm_network_security_group.jenkins",
            "azurerm_public_ip.jenkins",
            "azurerm_resource_group.default",
            "azurerm_subnet.default"
          ]
        }
      ]
    },
    {
      "mode": "managed",
      "type": "azurerm_network_interface",
      "name": "nginx",
      "provider": "provider.azurerm",
      "instances": [
        {
          "schema_version": 0,
          "attributes": {
            "applied_dns_servers": [],
            "dns_servers": [],
            "enable_accelerated_networking": false,
            "enable_ip_forwarding": false,
            "id": "/subscriptions/02e89954-614d-432d-9abc-71f710cd428e/resourceGroups/default/providers/Microsoft.Network/networkInterfaces/default-nginx-nic",
            "internal_dns_name_label": "",
            "internal_fqdn": "",
            "ip_configuration": [
              {
                "application_gateway_backend_address_pools_ids": [],
                "application_security_group_ids": [],
                "load_balancer_backend_address_pools_ids": [],
                "load_balancer_inbound_nat_rules_ids": [],
                "name": "testconfiguration1",
                "primary": true,
                "private_ip_address": "",
                "private_ip_address_allocation": "dynamic",
                "private_ip_address_version": "IPv4",
                "public_ip_address_id": "/subscriptions/02e89954-614d-432d-9abc-71f710cd428e/resourceGroups/default/providers/Microsoft.Network/publicIPAddresses/nginx-pip",
                "subnet_id": "/subscriptions/02e89954-614d-432d-9abc-71f710cd428e/resourceGroups/default/providers/Microsoft.Network/virtualNetworks/default-network/subnets/internal"
              }
            ],
            "location": "uksouth",
            "mac_address": "",
            "name": "default-nginx-nic",
            "network_security_group_id": "/subscriptions/02e89954-614d-432d-9abc-71f710cd428e/resourceGroups/default/providers/Microsoft.Network/networkSecurityGroups/nginx-nsg",
            "private_ip_address": "10.0.2.5",
            "private_ip_addresses": [
              "10.0.2.5"
            ],
            "resource_group_name": "default",
            "tags": {},
            "virtual_machine_id": null
          },
          "private": "bnVsbA==",
          "depends_on": [
            "azurerm_network_security_group.nginx",
            "azurerm_public_ip.nginx",
            "azurerm_resource_group.default",
            "azurerm_subnet.default"
          ]
        }
      ]
    },
    {
      "mode": "managed",
      "type": "azurerm_network_security_group",
      "name": "jenkins",
      "provider": "provider.azurerm",
      "instances": [
        {
          "schema_version": 0,
          "attributes": {
            "id": "/subscriptions/02e89954-614d-432d-9abc-71f710cd428e/resourceGroups/default/providers/Microsoft.Network/networkSecurityGroups/default-jenkins-nsg",
            "location": "uksouth",
            "name": "default-jenkins-nsg",
            "resource_group_name": "default",
            "security_rule": [
              {
                "access": "Allow",
                "description": "",
                "destination_address_prefix": "*",
                "destination_address_prefixes": [],
                "destination_application_security_group_ids": [],
                "destination_port_range": "22",
                "destination_port_ranges": [],
                "direction": "Inbound",
                "name": "SSH",
                "priority": 1001,
                "protocol": "Tcp",
                "source_address_prefix": "*",
                "source_address_prefixes": [],
                "source_application_security_group_ids": [],
                "source_port_range": "*",
                "source_port_ranges": []
              }
            ],
            "tags": {}
          },
          "private": "bnVsbA==",
          "depends_on": [
            "azurerm_resource_group.default"
          ]
        }
      ]
    },
    {
      "mode": "managed",
      "type": "azurerm_network_security_group",
      "name": "nginx",
      "provider": "provider.azurerm",
      "instances": [
        {
          "schema_version": 0,
          "attributes": {
            "id": "/subscriptions/02e89954-614d-432d-9abc-71f710cd428e/resourceGroups/default/providers/Microsoft.Network/networkSecurityGroups/nginx-nsg",
            "location": "uksouth",
            "name": "nginx-nsg",
            "resource_group_name": "default",
            "security_rule": [
              {
                "access": "Allow",
                "description": "",
                "destination_address_prefix": "*",
                "destination_address_prefixes": [],
                "destination_application_security_group_ids": [],
                "destination_port_range": "22",
                "destination_port_ranges": [],
                "direction": "Inbound",
                "name": "SSH",
                "priority": 1001,
                "protocol": "Tcp",
                "source_address_prefix": "*",
                "source_address_prefixes": [],
                "source_application_security_group_ids": [],
                "source_port_range": "*",
                "source_port_ranges": []
              },
              {
                "access": "Allow",
                "description": "",
                "destination_address_prefix": "*",
                "destination_address_prefixes": [],
                "destination_application_security_group_ids": [],
                "destination_port_range": "443",
                "destination_port_ranges": [],
                "direction": "Inbound",
                "name": "HTTPS",
                "priority": 1003,
                "protocol": "Tcp",
                "source_address_prefix": "*",
                "source_address_prefixes": [],
                "source_application_security_group_ids": [],
                "source_port_range": "*",
                "source_port_ranges": []
              },
              {
                "access": "Allow",
                "description": "",
                "destination_address_prefix": "*",
                "destination_address_prefixes": [],
                "destination_application_security_group_ids": [],
                "destination_port_range": "80",
                "destination_port_ranges": [],
                "direction": "Inbound",
                "name": "HTTP",
                "priority": 1002,
                "protocol": "Tcp",
                "source_address_prefix": "*",
                "source_address_prefixes": [],
                "source_application_security_group_ids": [],
                "source_port_range": "*",
                "source_port_ranges": []
              }
            ],
            "tags": {}
          },
          "private": "bnVsbA==",
          "depends_on": [
            "azurerm_resource_group.default"
          ]
        }
      ]
    },
    {
      "mode": "managed",
      "type": "azurerm_public_ip",
      "name": "jenkins",
      "provider": "provider.azurerm",
      "instances": [
        {
          "schema_version": 0,
          "attributes": {
            "allocation_method": "Dynamic",
            "domain_name_label": "jenkins-251119081650",
            "fqdn": "jenkins-251119081650.uksouth.cloudapp.azure.com",
            "id": "/subscriptions/02e89954-614d-432d-9abc-71f710cd428e/resourceGroups/default/providers/Microsoft.Network/publicIPAddresses/default-jenkins-pip",
            "idle_timeout_in_minutes": 4,
            "ip_address": "",
            "ip_version": "IPv4",
            "location": "uksouth",
            "name": "default-jenkins-pip",
            "public_ip_address_allocation": "Dynamic",
            "public_ip_prefix_id": null,
            "resource_group_name": "default",
            "reverse_fqdn": "",
            "sku": "Basic",
            "tags": {},
            "zones": null
          },
          "private": "bnVsbA==",
          "depends_on": [
            "azurerm_resource_group.default"
          ]
        }
      ]
    },
    {
      "mode": "managed",
      "type": "azurerm_public_ip",
      "name": "nginx",
      "provider": "provider.azurerm",
      "instances": [
        {
          "schema_version": 0,
          "attributes": {
            "allocation_method": "Dynamic",
            "domain_name_label": "nginx-251119081650",
            "fqdn": "nginx-251119081650.uksouth.cloudapp.azure.com",
            "id": "/subscriptions/02e89954-614d-432d-9abc-71f710cd428e/resourceGroups/default/providers/Microsoft.Network/publicIPAddresses/nginx-pip",
            "idle_timeout_in_minutes": 4,
            "ip_address": "",
            "ip_version": "IPv4",
            "location": "uksouth",
            "name": "nginx-pip",
            "public_ip_address_allocation": "Dynamic",
            "public_ip_prefix_id": null,
            "resource_group_name": "default",
            "reverse_fqdn": "",
            "sku": "Basic",
            "tags": {},
            "zones": null
          },
          "private": "bnVsbA==",
          "depends_on": [
            "azurerm_resource_group.default"
          ]
        }
      ]
    },
    {
      "mode": "managed",
      "type": "azurerm_resource_group",
      "name": "default",
      "provider": "provider.azurerm",
      "instances": [
        {
          "schema_version": 0,
          "attributes": {
            "id": "/subscriptions/02e89954-614d-432d-9abc-71f710cd428e/resourceGroups/default",
            "location": "uksouth",
            "name": "default",
            "tags": {}
          },
          "private": "bnVsbA=="
        }
      ]
    },
    {
      "mode": "managed",
      "type": "azurerm_subnet",
      "name": "default",
      "provider": "provider.azurerm",
      "instances": [
        {
          "schema_version": 0,
          "attributes": {
            "address_prefix": "10.0.2.0/24",
            "delegation": [],
            "id": "/subscriptions/02e89954-614d-432d-9abc-71f710cd428e/resourceGroups/default/providers/Microsoft.Network/virtualNetworks/default-network/subnets/internal",
            "ip_configurations": [],
            "name": "internal",
            "network_security_group_id": "",
            "resource_group_name": "default",
            "route_table_id": "",
            "service_endpoints": null,
            "virtual_network_name": "default-network"
          },
          "private": "bnVsbA==",
          "depends_on": [
            "azurerm_resource_group.default",
            "azurerm_virtual_network.default"
          ]
        }
      ]
    },
    {
      "mode": "managed",
      "type": "azurerm_virtual_machine",
      "name": "jenkins",
      "provider": "provider.azurerm",
      "instances": [
        {
          "schema_version": 0,
          "attributes": {
            "availability_set_id": null,
            "boot_diagnostics": [],
            "delete_data_disks_on_termination": false,
            "delete_os_disk_on_termination": false,
            "id": "/subscriptions/02e89954-614d-432d-9abc-71f710cd428e/resourceGroups/default/providers/Microsoft.Compute/virtualMachines/default-jenkins-vm",
            "identity": [],
            "license_type": null,
            "location": "uksouth",
            "name": "default-jenkins-vm",
            "network_interface_ids": [
              "/subscriptions/02e89954-614d-432d-9abc-71f710cd428e/resourceGroups/default/providers/Microsoft.Network/networkInterfaces/default-jenkins-nic"
            ],
            "os_profile": [
              {
                "admin_password": "",
                "admin_username": "bob",
                "computer_name": "default-jenkins-vm",
                "custom_data": ""
              }
            ],
            "os_profile_linux_config": [
              {
                "disable_password_authentication": true,
                "ssh_keys": [
                  {
                    "key_data": "ssh-rsa AAAAB3NzaC1yc2EAAAADAQABAAABAQCzfjA70YaacZdgYig0urm8S2EIaii9zq2n7F4UyoZPgp+VrBd6YDcFpMUaEdSDR5DCMY3HVOJxjf2zDfHCd/VqGOjI0+yaniz+EzEAbPfEnlRFRGnzIaCJlHt0L27bLO9eIEvy0uerjdPUxU6ROM9AdepHbTtMxZUtfbkqTtdsY+JvLAzVz47zj9EJuezJx3vyHKq8XXfhXqG2LeHlV+u7c7PtodJQW+bYeKka/fz7LyM2dMBCna8XaVkEncJqH3cJVI7FumCXN9pb4IYqh9B4CCqhRAC89OOrSFjO17xdD3OrGd2DmwNpHgrXtMbNTAvgpsECI8q7PxQ5/co/G4tJ bob@work-laptop\n",
                    "path": "/home/bob/.ssh/authorized_keys"
                  }
                ]
              }
            ],
            "os_profile_secrets": [],
            "os_profile_windows_config": [],
            "plan": [],
            "primary_network_interface_id": null,
            "resource_group_name": "default",
            "storage_data_disk": [],
            "storage_image_reference": [
              {
                "id": "",
                "offer": "UbuntuServer",
                "publisher": "Canonical",
                "sku": "16.04-LTS",
                "version": "latest"
              }
            ],
            "storage_os_disk": [
              {
                "caching": "ReadWrite",
                "create_option": "FromImage",
                "disk_size_gb": 30,
                "image_uri": "",
                "managed_disk_id": "/subscriptions/02e89954-614d-432d-9abc-71f710cd428e/resourceGroups/default/providers/Microsoft.Compute/disks/default-jenkins-vm",
                "managed_disk_type": "Standard_LRS",
                "name": "default-jenkins-vm",
                "os_type": "Linux",
                "vhd_uri": "",
                "write_accelerator_enabled": false
              }
            ],
            "tags": {
              "environment": "staging"
            },
            "vm_size": "Standard_DS1_v2",
            "zones": null
          },
          "private": "bnVsbA==",
          "depends_on": [
            "azurerm_network_interface.jenkins",
            "azurerm_public_ip.jenkins",
            "azurerm_resource_group.default"
          ]
        }
      ]
    },
    {
      "mode": "managed",
      "type": "azurerm_virtual_machine",
      "name": "nginx",
      "provider": "provider.azurerm",
      "instances": [
        {
          "schema_version": 0,
          "attributes": {
            "availability_set_id": null,
            "boot_diagnostics": [],
            "delete_data_disks_on_termination": false,
            "delete_os_disk_on_termination": false,
            "id": "/subscriptions/02e89954-614d-432d-9abc-71f710cd428e/resourceGroups/default/providers/Microsoft.Compute/virtualMachines/default-nginx-vm",
            "identity": [],
            "license_type": null,
            "location": "uksouth",
            "name": "default-nginx-vm",
            "network_interface_ids": [
              "/subscriptions/02e89954-614d-432d-9abc-71f710cd428e/resourceGroups/default/providers/Microsoft.Network/networkInterfaces/default-nginx-nic"
            ],
            "os_profile": [
              {
                "admin_password": "",
                "admin_username": "bob",
                "computer_name": "default-nginx-vm",
                "custom_data": ""
              }
            ],
            "os_profile_linux_config": [
              {
                "disable_password_authentication": true,
                "ssh_keys": [
                  {
                    "key_data": "ssh-rsa AAAAB3NzaC1yc2EAAAADAQABAAABAQCzfjA70YaacZdgYig0urm8S2EIaii9zq2n7F4UyoZPgp+VrBd6YDcFpMUaEdSDR5DCMY3HVOJxjf2zDfHCd/VqGOjI0+yaniz+EzEAbPfEnlRFRGnzIaCJlHt0L27bLO9eIEvy0uerjdPUxU6ROM9AdepHbTtMxZUtfbkqTtdsY+JvLAzVz47zj9EJuezJx3vyHKq8XXfhXqG2LeHlV+u7c7PtodJQW+bYeKka/fz7LyM2dMBCna8XaVkEncJqH3cJVI7FumCXN9pb4IYqh9B4CCqhRAC89OOrSFjO17xdD3OrGd2DmwNpHgrXtMbNTAvgpsECI8q7PxQ5/co/G4tJ bob@work-laptop\n",
                    "path": "/home/bob/.ssh/authorized_keys"
                  }
                ]
              }
            ],
            "os_profile_secrets": [],
            "os_profile_windows_config": [],
            "plan": [],
            "primary_network_interface_id": null,
            "resource_group_name": "default",
            "storage_data_disk": [],
            "storage_image_reference": [
              {
                "id": "",
                "offer": "Debian",
                "publisher": "credativ",
                "sku": "9",
                "version": "latest"
              }
            ],
            "storage_os_disk": [
              {
                "caching": "ReadWrite",
                "create_option": "FromImage",
                "disk_size_gb": 30,
                "image_uri": "",
                "managed_disk_id": "/subscriptions/02e89954-614d-432d-9abc-71f710cd428e/resourceGroups/default/providers/Microsoft.Compute/disks/default-nginx-vm",
                "managed_disk_type": "Standard_LRS",
                "name": "default-nginx-vm",
                "os_type": "Linux",
                "vhd_uri": "",
                "write_accelerator_enabled": false
              }
            ],
            "tags": {
              "environment": "staging"
            },
            "vm_size": "Standard_DS1_v2",
            "zones": null
          },
          "private": "bnVsbA==",
          "depends_on": [
            "azurerm_network_interface.nginx",
            "azurerm_public_ip.nginx",
            "azurerm_resource_group.default",
            "azurerm_virtual_machine.jenkins"
          ]
        }
      ]
    },
    {
      "mode": "managed",
      "type": "azurerm_virtual_network",
      "name": "default",
      "provider": "provider.azurerm",
      "instances": [
        {
          "schema_version": 0,
          "attributes": {
            "address_space": [
              "10.0.0.0/16"
            ],
            "ddos_protection_plan": [],
            "dns_servers": null,
            "id": "/subscriptions/02e89954-614d-432d-9abc-71f710cd428e/resourceGroups/default/providers/Microsoft.Network/virtualNetworks/default-network",
            "location": "uksouth",
            "name": "default-network",
            "resource_group_name": "default",
            "subnet": [],
            "tags": {}
          },
          "private": "bnVsbA==",
          "depends_on": [
            "azurerm_resource_group.default"
          ]
        }
      ]
    }
  ]
}
